{
  "object": {
    "pins": [
      {
        "package": "AudioKit",
        "repositoryURL": "https://github.com/AudioKit/AudioKit",
        "state": {
          "branch": "v5-develop",
          "revision": "e0300acb1c85255b863fefd035900434471668f1",
          "version": null
        }
      }
    ]
  },
  "version": 1
}
